dependencies:
  espressif/eppp_link:
    component_hash: 587abf150563ee0efeeba88e3c7cf46675ab5bd752a788f4b9c88a54649221dd
    dependencies:
    - name: espressif/esp_serial_slave_link
      registry_url: https://components.espressif.com
      require: private
      version: ^1.1.0
    - name: idf
      require: private
      version: '>=5.2'
    source:
      registry_url: https://components.espressif.com
      type: service
    version: 1.1.0
  espressif/esp_hosted:
    component_hash: 22b4d101d7757ae67826f9f6be19efcdad66a95071271e6559a705964652883c
    dependencies:
    - name: idf
      require: private
      version: '>=5.3'
    source:
      registry_url: https://components.espressif.com/
      type: service
    version: 2.3.2
  espressif/esp_serial_slave_link:
    component_hash: d8c13c033a7604e9333b5d8ea45e0d6fec908fd552df7db20d33dd8d6916528d
    dependencies:
    - name: idf
      require: private
      version: '>=5.0'
    source:
      registry_url: https://components.espressif.com
      type: service
    version: 1.1.0~1
  espressif/esp_wifi_remote:
    component_hash: 106afa5fff41463040ced78ab44c218f591e0c8eaf80172a02b539f3b5008071
    dependencies:
    - name: espressif/esp_hosted
      registry_url: https://components.espressif.com
      require: private
      rules:
      - if: target in [esp32h2, esp32p4]
      version: '>=0.0.6'
    - name: espressif/wifi_remote_over_eppp
      registry_url: https://components.espressif.com
      require: private
      version: '>=0.1'
    - name: idf
      require: private
      version: '>=5.3'
    source:
      registry_url: https://components.espressif.com/
      type: service
    version: 0.16.1
  espressif/wifi_remote_over_eppp:
    component_hash: 3768ca9b0409cd963a72920336febac7bb7d14c2ccd73e9ddd3925ceaa3b9f15
    dependencies:
    - name: espressif/eppp_link
      registry_url: https://components.espressif.com
      require: private
      version: '>=0.1'
    - name: idf
      require: private
      version: '>=5.3'
    source:
      registry_url: https://components.espressif.com
      type: service
    version: 0.1.4
  hfudev/json:
    component_hash: 1d5a0b0c751cb21059d04052e4a215cfe0f1468abf950a812119f568b722b945
    dependencies: []
    source:
      registry_url: https://components.espressif.com/
      type: service
    version: 0.1.0
  idf:
    source:
      type: idf
    version: 5.4.2
  nimble_peripheral_utils:
    dependencies: []
    source:
      path: /Users/zhangwenyu/esp/v5.4.2/esp-idf/examples/bluetooth/nimble/common/nimble_peripheral_utils
      type: local
    version: '*'
direct_dependencies:
- espressif/esp_hosted
- espressif/esp_wifi_remote
- hfudev/json
- nimble_peripheral_utils
manifest_hash: 0856394c2190a0ffca47e4e26c1852dc08fbb82a89734d69b1464d7f9778bea5
target: esp32p4
version: 2.0.0
